
Microsoft Visual Studio Solution File, Format Version 12.00
# Visual Studio Version 16
VisualStudioVersion = 25.0.1706.9
MinimumVisualStudioVersion = 10.0.40219.1
Project("{FAE04EC0-301F-11D3-BF4B-00C04F79EFBC}") = "ExamenOpdracht", "testOpdracht\ExamenOpdracht.csproj", "{D96881A3-1EE0-4669-AEB8-7E63926F77F5}"
EndProject
Global
	GlobalSection(SolutionConfigurationPlatforms) = preSolution
		Debug|Any CPU = Debug|Any CPU
		Release|Any CPU = Release|Any CPU
	EndGlobalSection
	GlobalSection(ProjectConfigurationPlatforms) = postSolution
		{D96881A3-1EE0-4669-AEB8-7E63926F77F5}.Debug|Any CPU.ActiveCfg = Debug|Any CPU
		{D96881A3-1EE0-4669-AEB8-7E63926F77F5}.Debug|Any CPU.Build.0 = Debug|Any CPU
		{D96881A3-1EE0-4669-AEB8-7E63926F77F5}.Release|Any CPU.ActiveCfg = Release|Any CPU
		{D96881A3-1EE0-4669-AEB8-7E63926F77F5}.Release|Any CPU.Build.0 = Release|Any CPU
	EndGlobalSection
	GlobalSection(SolutionProperties) = preSolution
		HideSolutionNode = FALSE
	EndGlobalSection
	GlobalSection(ExtensibilityGlobals) = postSolution
		SolutionGuid = {632A9936-64A0-4C4E-8606-9E3F22053B2C}
	EndGlobalSection
EndGlobal
